
Microsoft Visual Studio Solution File, Format Version 12.00
# Visual Studio 15
VisualStudioVersion = 15.0.28010.2016
MinimumVisualStudioVersion = 10.0.40219.1
Project("{8BC9CEB8-8B4A-11D0-8D11-00A0C91BC942}") = "01.OpenCV", "01.OpenCV\01.OpenCV.vcxproj", "{FC407272-05BA-41CC-9617-B37D54DAF2D9}"
EndProject
Global
	GlobalSection(SolutionConfigurationPlatforms) = preSolution
		Debug|x64 = Debug|x64
		Debug|x86 = Debug|x86
		Release|x64 = Release|x64
		Release|x86 = Release|x86
	EndGlobalSection
	GlobalSection(ProjectConfigurationPlatforms) = postSolution
		{FC407272-05BA-41CC-9617-B37D54DAF2D9}.Debug|x64.ActiveCfg = Debug|x64
		{FC407272-05BA-41CC-9617-B37D54DAF2D9}.Debug|x64.Build.0 = Debug|x64
		{FC407272-05BA-41CC-9617-B37D54DAF2D9}.Debug|x86.ActiveCfg = Debug|x64
		{FC407272-05BA-41CC-9617-B37D54DAF2D9}.Debug|x86.Build.0 = Debug|x64
		{FC407272-05BA-41CC-9617-B37D54DAF2D9}.Release|x64.ActiveCfg = Release|x64
		{FC407272-05BA-41CC-9617-B37D54DAF2D9}.Release|x64.Build.0 = Release|x64
		{FC407272-05BA-41CC-9617-B37D54DAF2D9}.Release|x86.ActiveCfg = Release|Win32
		{FC407272-05BA-41CC-9617-B37D54DAF2D9}.Release|x86.Build.0 = Release|Win32
	EndGlobalSection
	GlobalSection(SolutionProperties) = preSolution
		HideSolutionNode = FALSE
	EndGlobalSection
	GlobalSection(ExtensibilityGlobals) = postSolution
		SolutionGuid = {CFB1930D-DF1E-4861-84F7-3841D7439D51}
	EndGlobalSection
EndGlobal
